
Microsoft Visual Studio Solution File, Format Version 12.00
# Visual Studio Version 16
VisualStudioVersion = 16.0.31911.196
MinimumVisualStudioVersion = 10.0.40219.1
Project("{FAE04EC0-301F-11D3-BF4B-00C04F79EFBC}") = "DependencyInjectionContainerLib", "DependencyInjectionContainerLib\DependencyInjectionContainerLib.csproj", "{4E1097A8-6513-44A7-A94A-D3BD615B9A45}"
EndProject
Project("{FAE04EC0-301F-11D3-BF4B-00C04F79EFBC}") = "DependencyInjectionContainerTests", "DependencyInjectionContainerTests\DependencyInjectionContainerTests.csproj", "{5625EE42-D90D-4A49-B1B4-A64FFA751F1C}"
EndProject
Global
	GlobalSection(SolutionConfigurationPlatforms) = preSolution
		Debug|Any CPU = Debug|Any CPU
		Release|Any CPU = Release|Any CPU
	EndGlobalSection
	GlobalSection(ProjectConfigurationPlatforms) = postSolution
		{4E1097A8-6513-44A7-A94A-D3BD615B9A45}.Debug|Any CPU.ActiveCfg = Debug|Any CPU
		{4E1097A8-6513-44A7-A94A-D3BD615B9A45}.Debug|Any CPU.Build.0 = Debug|Any CPU
		{4E1097A8-6513-44A7-A94A-D3BD615B9A45}.Release|Any CPU.ActiveCfg = Release|Any CPU
		{4E1097A8-6513-44A7-A94A-D3BD615B9A45}.Release|Any CPU.Build.0 = Release|Any CPU
		{5625EE42-D90D-4A49-B1B4-A64FFA751F1C}.Debug|Any CPU.ActiveCfg = Debug|Any CPU
		{5625EE42-D90D-4A49-B1B4-A64FFA751F1C}.Debug|Any CPU.Build.0 = Debug|Any CPU
		{5625EE42-D90D-4A49-B1B4-A64FFA751F1C}.Release|Any CPU.ActiveCfg = Release|Any CPU
		{5625EE42-D90D-4A49-B1B4-A64FFA751F1C}.Release|Any CPU.Build.0 = Release|Any CPU
	EndGlobalSection
	GlobalSection(SolutionProperties) = preSolution
		HideSolutionNode = FALSE
	EndGlobalSection
	GlobalSection(ExtensibilityGlobals) = postSolution
		SolutionGuid = {77B956FD-05B0-48C1-9A10-7EF034E174C5}
	EndGlobalSection
EndGlobal
